
Microsoft Visual Studio Solution File, Format Version 12.00
# Visual Studio 15
VisualStudioVersion = 15.0.28307.136
MinimumVisualStudioVersion = 10.0.40219.1
Project("{FAE04EC0-301F-11D3-BF4B-00C04F79EFBC}") = "ProyectoCifrado2", "ProyectoCifrado2\ProyectoCifrado2.csproj", "{B2E98FED-4CD9-4F43-BE9F-F90FD2919E3B}"
EndProject
Project("{FAE04EC0-301F-11D3-BF4B-00C04F79EFBC}") = "CryptoSafe", "ProyectoCifrado3\CryptoSafe.csproj", "{C8B2F6D8-F820-4DEF-8A35-195CF1836293}"
EndProject
Project("{FAE04EC0-301F-11D3-BF4B-00C04F79EFBC}") = "PLCCryptoTest", "PLCCryptoTest\PLCCryptoTest.csproj", "{1C01C93B-24AE-4CCA-88D6-8AA7EA0810E4}"
EndProject
Project("{FAE04EC0-301F-11D3-BF4B-00C04F79EFBC}") = "CryptoSafeAndroid2", "CryptoSafeAndroid2\CryptoSafeAndroid2.csproj", "{2FA3C500-8F28-4983-A31B-2CFF01C3B8E3}"
EndProject
Project("{FAE04EC0-301F-11D3-BF4B-00C04F79EFBC}") = "CryptoSafeAndroid", "CryptoSafeAndroid\CryptoSafeAndroid.csproj", "{D4F1EE29-9AD3-47AC-B7E6-C1E4E453ED5B}"
EndProject
Global
	GlobalSection(SolutionConfigurationPlatforms) = preSolution
		Debug|Any CPU = Debug|Any CPU
		Release|Any CPU = Release|Any CPU
	EndGlobalSection
	GlobalSection(ProjectConfigurationPlatforms) = postSolution
		{B2E98FED-4CD9-4F43-BE9F-F90FD2919E3B}.Debug|Any CPU.ActiveCfg = Debug|Any CPU
		{B2E98FED-4CD9-4F43-BE9F-F90FD2919E3B}.Debug|Any CPU.Build.0 = Debug|Any CPU
		{B2E98FED-4CD9-4F43-BE9F-F90FD2919E3B}.Release|Any CPU.ActiveCfg = Release|Any CPU
		{B2E98FED-4CD9-4F43-BE9F-F90FD2919E3B}.Release|Any CPU.Build.0 = Release|Any CPU
		{C8B2F6D8-F820-4DEF-8A35-195CF1836293}.Debug|Any CPU.ActiveCfg = Debug|Any CPU
		{C8B2F6D8-F820-4DEF-8A35-195CF1836293}.Debug|Any CPU.Build.0 = Debug|Any CPU
		{C8B2F6D8-F820-4DEF-8A35-195CF1836293}.Release|Any CPU.ActiveCfg = Release|Any CPU
		{C8B2F6D8-F820-4DEF-8A35-195CF1836293}.Release|Any CPU.Build.0 = Release|Any CPU
		{1C01C93B-24AE-4CCA-88D6-8AA7EA0810E4}.Debug|Any CPU.ActiveCfg = Debug|Any CPU
		{1C01C93B-24AE-4CCA-88D6-8AA7EA0810E4}.Debug|Any CPU.Build.0 = Debug|Any CPU
		{1C01C93B-24AE-4CCA-88D6-8AA7EA0810E4}.Release|Any CPU.ActiveCfg = Release|Any CPU
		{1C01C93B-24AE-4CCA-88D6-8AA7EA0810E4}.Release|Any CPU.Build.0 = Release|Any CPU
		{2FA3C500-8F28-4983-A31B-2CFF01C3B8E3}.Debug|Any CPU.ActiveCfg = Debug|Any CPU
		{2FA3C500-8F28-4983-A31B-2CFF01C3B8E3}.Debug|Any CPU.Build.0 = Debug|Any CPU
		{2FA3C500-8F28-4983-A31B-2CFF01C3B8E3}.Debug|Any CPU.Deploy.0 = Debug|Any CPU
		{2FA3C500-8F28-4983-A31B-2CFF01C3B8E3}.Release|Any CPU.ActiveCfg = Release|Any CPU
		{2FA3C500-8F28-4983-A31B-2CFF01C3B8E3}.Release|Any CPU.Build.0 = Release|Any CPU
		{2FA3C500-8F28-4983-A31B-2CFF01C3B8E3}.Release|Any CPU.Deploy.0 = Release|Any CPU
		{D4F1EE29-9AD3-47AC-B7E6-C1E4E453ED5B}.Debug|Any CPU.ActiveCfg = Debug|Any CPU
		{D4F1EE29-9AD3-47AC-B7E6-C1E4E453ED5B}.Debug|Any CPU.Build.0 = Debug|Any CPU
		{D4F1EE29-9AD3-47AC-B7E6-C1E4E453ED5B}.Debug|Any CPU.Deploy.0 = Debug|Any CPU
		{D4F1EE29-9AD3-47AC-B7E6-C1E4E453ED5B}.Release|Any CPU.ActiveCfg = Release|Any CPU
		{D4F1EE29-9AD3-47AC-B7E6-C1E4E453ED5B}.Release|Any CPU.Build.0 = Release|Any CPU
		{D4F1EE29-9AD3-47AC-B7E6-C1E4E453ED5B}.Release|Any CPU.Deploy.0 = Release|Any CPU
	EndGlobalSection
	GlobalSection(SolutionProperties) = preSolution
		HideSolutionNode = FALSE
	EndGlobalSection
	GlobalSection(ExtensibilityGlobals) = postSolution
		SolutionGuid = {CB21A461-62CD-45AF-B393-3B93E7CBBE80}
	EndGlobalSection
EndGlobal
