
Microsoft Visual Studio Solution File, Format Version 12.00
# Visual Studio 15
VisualStudioVersion = 15.0.28307.136
MinimumVisualStudioVersion = 10.0.40219.1
Project("{FAE04EC0-301F-11D3-BF4B-00C04F79EFBC}") = "PruebaCifrado1", "PruebaCifrado1\PruebaCifrado1.csproj", "{F4E5C398-F751-478E-A00E-E45DF6945534}"
EndProject
Project("{FAE04EC0-301F-11D3-BF4B-00C04F79EFBC}") = "ProyectoCifrado2", "ProyectoCifrado2\ProyectoCifrado2.csproj", "{B2E98FED-4CD9-4F43-BE9F-F90FD2919E3B}"
EndProject
Project("{FAE04EC0-301F-11D3-BF4B-00C04F79EFBC}") = "PruebaCifrado2", "PruebaCifrado2\PruebaCifrado2.csproj", "{AEBF78F4-CDAC-42B9-97BA-BFFF0D7B0686}"
EndProject
Project("{FAE04EC0-301F-11D3-BF4B-00C04F79EFBC}") = "ProyectoCifrado3", "ProyectoCifrado3\ProyectoCifrado3.csproj", "{C8B2F6D8-F820-4DEF-8A35-195CF1836293}"
EndProject
Project("{FAE04EC0-301F-11D3-BF4B-00C04F79EFBC}") = "CriptoZorro", "CriptoZorro\CriptoZorro.csproj", "{13E3422B-B1D6-4072-A7E9-13FBBA4FA675}"
EndProject
Project("{FAE04EC0-301F-11D3-BF4B-00C04F79EFBC}") = "CryptoSafeAndroid", "CryptoSafeAndroid\CryptoSafeAndroid.csproj", "{3BC0AC7E-3B3B-4D3F-9CC0-B2BDECC460A6}"
EndProject
Project("{FAE04EC0-301F-11D3-BF4B-00C04F79EFBC}") = "PLCCryptoTest", "PLCCryptoTest\PLCCryptoTest.csproj", "{1C01C93B-24AE-4CCA-88D6-8AA7EA0810E4}"
EndProject
Global
	GlobalSection(SolutionConfigurationPlatforms) = preSolution
		Debug|Any CPU = Debug|Any CPU
		Release|Any CPU = Release|Any CPU
	EndGlobalSection
	GlobalSection(ProjectConfigurationPlatforms) = postSolution
		{F4E5C398-F751-478E-A00E-E45DF6945534}.Debug|Any CPU.ActiveCfg = Debug|Any CPU
		{F4E5C398-F751-478E-A00E-E45DF6945534}.Debug|Any CPU.Build.0 = Debug|Any CPU
		{F4E5C398-F751-478E-A00E-E45DF6945534}.Release|Any CPU.ActiveCfg = Release|Any CPU
		{F4E5C398-F751-478E-A00E-E45DF6945534}.Release|Any CPU.Build.0 = Release|Any CPU
		{B2E98FED-4CD9-4F43-BE9F-F90FD2919E3B}.Debug|Any CPU.ActiveCfg = Debug|Any CPU
		{B2E98FED-4CD9-4F43-BE9F-F90FD2919E3B}.Debug|Any CPU.Build.0 = Debug|Any CPU
		{B2E98FED-4CD9-4F43-BE9F-F90FD2919E3B}.Release|Any CPU.ActiveCfg = Release|Any CPU
		{B2E98FED-4CD9-4F43-BE9F-F90FD2919E3B}.Release|Any CPU.Build.0 = Release|Any CPU
		{AEBF78F4-CDAC-42B9-97BA-BFFF0D7B0686}.Debug|Any CPU.ActiveCfg = Debug|Any CPU
		{AEBF78F4-CDAC-42B9-97BA-BFFF0D7B0686}.Debug|Any CPU.Build.0 = Debug|Any CPU
		{AEBF78F4-CDAC-42B9-97BA-BFFF0D7B0686}.Release|Any CPU.ActiveCfg = Release|Any CPU
		{AEBF78F4-CDAC-42B9-97BA-BFFF0D7B0686}.Release|Any CPU.Build.0 = Release|Any CPU
		{C8B2F6D8-F820-4DEF-8A35-195CF1836293}.Debug|Any CPU.ActiveCfg = Debug|Any CPU
		{C8B2F6D8-F820-4DEF-8A35-195CF1836293}.Debug|Any CPU.Build.0 = Debug|Any CPU
		{C8B2F6D8-F820-4DEF-8A35-195CF1836293}.Release|Any CPU.ActiveCfg = Release|Any CPU
		{C8B2F6D8-F820-4DEF-8A35-195CF1836293}.Release|Any CPU.Build.0 = Release|Any CPU
		{13E3422B-B1D6-4072-A7E9-13FBBA4FA675}.Debug|Any CPU.ActiveCfg = Debug|Any CPU
		{13E3422B-B1D6-4072-A7E9-13FBBA4FA675}.Debug|Any CPU.Build.0 = Debug|Any CPU
		{13E3422B-B1D6-4072-A7E9-13FBBA4FA675}.Release|Any CPU.ActiveCfg = Release|Any CPU
		{13E3422B-B1D6-4072-A7E9-13FBBA4FA675}.Release|Any CPU.Build.0 = Release|Any CPU
		{3BC0AC7E-3B3B-4D3F-9CC0-B2BDECC460A6}.Debug|Any CPU.ActiveCfg = Debug|Any CPU
		{3BC0AC7E-3B3B-4D3F-9CC0-B2BDECC460A6}.Debug|Any CPU.Build.0 = Debug|Any CPU
		{3BC0AC7E-3B3B-4D3F-9CC0-B2BDECC460A6}.Debug|Any CPU.Deploy.0 = Debug|Any CPU
		{3BC0AC7E-3B3B-4D3F-9CC0-B2BDECC460A6}.Release|Any CPU.ActiveCfg = Release|Any CPU
		{3BC0AC7E-3B3B-4D3F-9CC0-B2BDECC460A6}.Release|Any CPU.Build.0 = Release|Any CPU
		{3BC0AC7E-3B3B-4D3F-9CC0-B2BDECC460A6}.Release|Any CPU.Deploy.0 = Release|Any CPU
		{1C01C93B-24AE-4CCA-88D6-8AA7EA0810E4}.Debug|Any CPU.ActiveCfg = Debug|Any CPU
		{1C01C93B-24AE-4CCA-88D6-8AA7EA0810E4}.Debug|Any CPU.Build.0 = Debug|Any CPU
		{1C01C93B-24AE-4CCA-88D6-8AA7EA0810E4}.Release|Any CPU.ActiveCfg = Release|Any CPU
		{1C01C93B-24AE-4CCA-88D6-8AA7EA0810E4}.Release|Any CPU.Build.0 = Release|Any CPU
	EndGlobalSection
	GlobalSection(SolutionProperties) = preSolution
		HideSolutionNode = FALSE
	EndGlobalSection
	GlobalSection(ExtensibilityGlobals) = postSolution
		SolutionGuid = {CB21A461-62CD-45AF-B393-3B93E7CBBE80}
	EndGlobalSection
EndGlobal
